
Microsoft Visual Studio Solution File, Format Version 12.00
# Visual Studio Version 16
VisualStudioVersion = 16.0.32002.261
MinimumVisualStudioVersion = 10.0.40219.1
Project("{FAE04EC0-301F-11D3-BF4B-00C04F79EFBC}") = "FiorEllo", "FiorEllo\FiorEllo.csproj", "{7BE70046-60FC-4D21-8596-69AC0F48BE48}"
EndProject
Global
	GlobalSection(SolutionConfigurationPlatforms) = preSolution
		Debug|Any CPU = Debug|Any CPU
		Release|Any CPU = Release|Any CPU
	EndGlobalSection
	GlobalSection(ProjectConfigurationPlatforms) = postSolution
		{7BE70046-60FC-4D21-8596-69AC0F48BE48}.Debug|Any CPU.ActiveCfg = Debug|Any CPU
		{7BE70046-60FC-4D21-8596-69AC0F48BE48}.Debug|Any CPU.Build.0 = Debug|Any CPU
		{7BE70046-60FC-4D21-8596-69AC0F48BE48}.Release|Any CPU.ActiveCfg = Release|Any CPU
		{7BE70046-60FC-4D21-8596-69AC0F48BE48}.Release|Any CPU.Build.0 = Release|Any CPU
	EndGlobalSection
	GlobalSection(SolutionProperties) = preSolution
		HideSolutionNode = FALSE
	EndGlobalSection
	GlobalSection(ExtensibilityGlobals) = postSolution
		SolutionGuid = {53A19C20-F3E2-4BF0-BDC9-5CFC82E65018}
	EndGlobalSection
EndGlobal
